
Microsoft Visual Studio Solution File, Format Version 12.00
# Visual Studio Version 17
VisualStudioVersion = 17.6.33829.357
MinimumVisualStudioVersion = 10.0.40219.1
Project("{8BC9CEB8-8B4A-11D0-8D11-00A0C91BC942}") = "Practice5", "Practice5\Practice5.vcxproj", "{76A1FF4C-87CF-4A19-8E59-AA73C2F695AC}"
EndProject
Global
	GlobalSection(SolutionConfigurationPlatforms) = preSolution
		Debug|x64 = Debug|x64
		Debug|x86 = Debug|x86
		Release|x64 = Release|x64
		Release|x86 = Release|x86
	EndGlobalSection
	GlobalSection(ProjectConfigurationPlatforms) = postSolution
		{76A1FF4C-87CF-4A19-8E59-AA73C2F695AC}.Debug|x64.ActiveCfg = Debug|x64
		{76A1FF4C-87CF-4A19-8E59-AA73C2F695AC}.Debug|x64.Build.0 = Debug|x64
		{76A1FF4C-87CF-4A19-8E59-AA73C2F695AC}.Debug|x86.ActiveCfg = Debug|Win32
		{76A1FF4C-87CF-4A19-8E59-AA73C2F695AC}.Debug|x86.Build.0 = Debug|Win32
		{76A1FF4C-87CF-4A19-8E59-AA73C2F695AC}.Release|x64.ActiveCfg = Release|x64
		{76A1FF4C-87CF-4A19-8E59-AA73C2F695AC}.Release|x64.Build.0 = Release|x64
		{76A1FF4C-87CF-4A19-8E59-AA73C2F695AC}.Release|x86.ActiveCfg = Release|Win32
		{76A1FF4C-87CF-4A19-8E59-AA73C2F695AC}.Release|x86.Build.0 = Release|Win32
	EndGlobalSection
	GlobalSection(SolutionProperties) = preSolution
		HideSolutionNode = FALSE
	EndGlobalSection
	GlobalSection(ExtensibilityGlobals) = postSolution
		SolutionGuid = {D9735669-E26D-47A4-BDD6-F5E42401EA78}
	EndGlobalSection
EndGlobal
